
Microsoft Visual Studio Solution File, Format Version 12.00
# Visual Studio Version 17
VisualStudioVersion = 17.5.002.0
MinimumVisualStudioVersion = 10.0.40219.1
Project("{9A19103F-16F7-4668-BE54-9A1E7A4F7556}") = "banko-Adak0001", "banko-Adak0001.csproj", "{4FFA813D-69D0-4BB5-9B55-7BF1E7BB4027}"
EndProject
Global
	GlobalSection(SolutionConfigurationPlatforms) = preSolution
		Debug|Any CPU = Debug|Any CPU
		Release|Any CPU = Release|Any CPU
	EndGlobalSection
	GlobalSection(ProjectConfigurationPlatforms) = postSolution
		{4FFA813D-69D0-4BB5-9B55-7BF1E7BB4027}.Debug|Any CPU.ActiveCfg = Debug|Any CPU
		{4FFA813D-69D0-4BB5-9B55-7BF1E7BB4027}.Debug|Any CPU.Build.0 = Debug|Any CPU
		{4FFA813D-69D0-4BB5-9B55-7BF1E7BB4027}.Release|Any CPU.ActiveCfg = Release|Any CPU
		{4FFA813D-69D0-4BB5-9B55-7BF1E7BB4027}.Release|Any CPU.Build.0 = Release|Any CPU
	EndGlobalSection
	GlobalSection(SolutionProperties) = preSolution
		HideSolutionNode = FALSE
	EndGlobalSection
	GlobalSection(ExtensibilityGlobals) = postSolution
		SolutionGuid = {25DEBFEA-4E00-41B4-A8A1-9CCC55E5F2D8}
	EndGlobalSection
EndGlobal
